# This file is automatically @generated by Cargo.
# It is not intended for manual editing.
[[package]]
name = "aho-corasick"
version = "0.7.15"
source = "registry+https://github.com/rust-lang/crates.io-index"
checksum = "7404febffaa47dac81aa44dba71523c9d069b1bdc50a77db41195149e17f68e5"
dependencies = [
 "memchr",
]

[[package]]
name = "bit-set"
version = "0.5.2"
source = "registry+https://github.com/rust-lang/crates.io-index"
checksum = "6e11e16035ea35e4e5997b393eacbf6f63983188f7a2ad25bfb13465f5ad59de"
dependencies = [
 "bit-vec",
]

[[package]]
name = "bit-vec"
version = "0.6.3"
source = "registry+https://github.com/rust-lang/crates.io-index"
checksum = "349f9b6a179ed607305526ca489b34ad0a41aed5f7980fa90eb03160b69598fb"

[[package]]
name = "bitflags"
version = "1.2.1"
source = "registry+https://github.com/rust-lang/crates.io-index"
checksum = "cf1de2fe8c75bc145a2f577add951f8134889b4795d47466a54a5c846d691693"

[[package]]
name = "day-01"
version = "0.1.0"

[[package]]
name = "day-02"
version = "0.1.0"
dependencies = [
 "lazy_static",
 "regex",
]

[[package]]
name = "day-03"
version = "0.1.0"

[[package]]
name = "day-04"
version = "0.1.0"
dependencies = [
 "bitflags",
]

[[package]]
name = "day-05"
version = "0.1.0"
dependencies = [
 "bit-set",
]

[[package]]
name = "day-06"
version = "0.1.0"

[[package]]
name = "day-07"
version = "0.1.0"

[[package]]
name = "day-08"
version = "0.1.0"

[[package]]
name = "day-09"
version = "0.1.0"

[[package]]
name = "day-10"
version = "0.1.0"

[[package]]
name = "day-11"
version = "0.1.0"

[[package]]
name = "day-12"
version = "0.1.0"

[[package]]
name = "day-13"
version = "0.1.0"

[[package]]
name = "day-14"
version = "0.1.0"

[[package]]
name = "day-15"
version = "0.1.0"

[[package]]
name = "day-16"
version = "0.1.0"
dependencies = [
 "bit-set",
]

[[package]]
name = "day-17"
version = "0.1.0"

[[package]]
name = "day-18"
version = "0.1.0"

[[package]]
name = "day-19"
version = "0.1.0"

[[package]]
name = "lazy_static"
version = "1.4.0"
source = "registry+https://github.com/rust-lang/crates.io-index"
checksum = "e2abad23fbc42b3700f2f279844dc832adb2b2eb069b2df918f455c4e18cc646"

[[package]]
name = "memchr"
version = "2.3.4"
source = "registry+https://github.com/rust-lang/crates.io-index"
checksum = "0ee1c47aaa256ecabcaea351eae4a9b01ef39ed810004e298d2511ed284b1525"

[[package]]
name = "regex"
version = "1.4.2"
source = "registry+https://github.com/rust-lang/crates.io-index"
checksum = "38cf2c13ed4745de91a5eb834e11c00bcc3709e773173b2ce4c56c9fbde04b9c"
dependencies = [
 "aho-corasick",
 "memchr",
 "regex-syntax",
 "thread_local",
]

[[package]]
name = "regex-syntax"
version = "0.6.21"
source = "registry+https://github.com/rust-lang/crates.io-index"
checksum = "3b181ba2dcf07aaccad5448e8ead58db5b742cf85dfe035e2227f137a539a189"

[[package]]
name = "thread_local"
version = "1.0.1"
source = "registry+https://github.com/rust-lang/crates.io-index"
checksum = "d40c6d1b69745a6ec6fb1ca717914848da4b44ae29d9b3080cbee91d72a69b14"
dependencies = [
 "lazy_static",
]
