# This file is automatically @generated by Cargo.
# It is not intended for manual editing.
version = 3

[[package]]
name = "bytecount"
version = "0.6.7"
source = "registry+https://github.com/rust-lang/crates.io-index"
checksum = "e1e5f035d16fc623ae5f74981db80a439803888314e3a555fd6f04acd51a3205"

[[package]]
name = "day-16"
version = "0.1.0"
dependencies = [
 "bytecount",
]
